
Microsoft Visual Studio Solution File, Format Version 12.00
# Visual Studio Version 17
VisualStudioVersion = 17.14.36327.8 d17.14
MinimumVisualStudioVersion = 10.0.40219.1
Project("{FAE04EC0-301F-11D3-BF4B-00C04F79EFBC}") = "state-maquinaExpendedora", "state-maquinaExpendedora\state-maquinaExpendedora.csproj", "{7630BFED-9006-44BC-8C7A-E0CEE300EA5A}"
EndProject
Global
	GlobalSection(SolutionConfigurationPlatforms) = preSolution
		Debug|Any CPU = Debug|Any CPU
		Release|Any CPU = Release|Any CPU
	EndGlobalSection
	GlobalSection(ProjectConfigurationPlatforms) = postSolution
		{7630BFED-9006-44BC-8C7A-E0CEE300EA5A}.Debug|Any CPU.ActiveCfg = Debug|Any CPU
		{7630BFED-9006-44BC-8C7A-E0CEE300EA5A}.Debug|Any CPU.Build.0 = Debug|Any CPU
		{7630BFED-9006-44BC-8C7A-E0CEE300EA5A}.Release|Any CPU.ActiveCfg = Release|Any CPU
		{7630BFED-9006-44BC-8C7A-E0CEE300EA5A}.Release|Any CPU.Build.0 = Release|Any CPU
	EndGlobalSection
	GlobalSection(SolutionProperties) = preSolution
		HideSolutionNode = FALSE
	EndGlobalSection
	GlobalSection(ExtensibilityGlobals) = postSolution
		SolutionGuid = {3D58EC95-0036-42CF-AB37-4B7D3CB9C489}
	EndGlobalSection
EndGlobal
