
Microsoft Visual Studio Solution File, Format Version 12.00
# Visual Studio Version 17
VisualStudioVersion = 17.10.35027.167
MinimumVisualStudioVersion = 10.0.40219.1
Project("{FAE04EC0-301F-11D3-BF4B-00C04F79EFBC}") = "Factory Method - Empresa de logistica", "Factory Method - Empresa de logistica\Factory Method - Empresa de logistica.csproj", "{C4AF2279-5C60-4DCC-A3B7-6B191D6700DF}"
EndProject
Global
	GlobalSection(SolutionConfigurationPlatforms) = preSolution
		Debug|Any CPU = Debug|Any CPU
		Release|Any CPU = Release|Any CPU
	EndGlobalSection
	GlobalSection(ProjectConfigurationPlatforms) = postSolution
		{C4AF2279-5C60-4DCC-A3B7-6B191D6700DF}.Debug|Any CPU.ActiveCfg = Debug|Any CPU
		{C4AF2279-5C60-4DCC-A3B7-6B191D6700DF}.Debug|Any CPU.Build.0 = Debug|Any CPU
		{C4AF2279-5C60-4DCC-A3B7-6B191D6700DF}.Release|Any CPU.ActiveCfg = Release|Any CPU
		{C4AF2279-5C60-4DCC-A3B7-6B191D6700DF}.Release|Any CPU.Build.0 = Release|Any CPU
	EndGlobalSection
	GlobalSection(SolutionProperties) = preSolution
		HideSolutionNode = FALSE
	EndGlobalSection
	GlobalSection(ExtensibilityGlobals) = postSolution
		SolutionGuid = {620255D9-A4C2-45FB-9E67-5DE9E5EE8B2A}
	EndGlobalSection
EndGlobal
