
Microsoft Visual Studio Solution File, Format Version 12.00
# Visual Studio Version 17
VisualStudioVersion = 17.10.35027.167
MinimumVisualStudioVersion = 10.0.40219.1
Project("{FAE04EC0-301F-11D3-BF4B-00C04F79EFBC}") = "AdapterDNI", "AdapterDNI\AdapterDNI.csproj", "{C6C1C3DA-FAEA-4E06-BDB2-F9F5408BF789}"
EndProject
Global
	GlobalSection(SolutionConfigurationPlatforms) = preSolution
		Debug|Any CPU = Debug|Any CPU
		Release|Any CPU = Release|Any CPU
	EndGlobalSection
	GlobalSection(ProjectConfigurationPlatforms) = postSolution
		{C6C1C3DA-FAEA-4E06-BDB2-F9F5408BF789}.Debug|Any CPU.ActiveCfg = Debug|Any CPU
		{C6C1C3DA-FAEA-4E06-BDB2-F9F5408BF789}.Debug|Any CPU.Build.0 = Debug|Any CPU
		{C6C1C3DA-FAEA-4E06-BDB2-F9F5408BF789}.Release|Any CPU.ActiveCfg = Release|Any CPU
		{C6C1C3DA-FAEA-4E06-BDB2-F9F5408BF789}.Release|Any CPU.Build.0 = Release|Any CPU
	EndGlobalSection
	GlobalSection(SolutionProperties) = preSolution
		HideSolutionNode = FALSE
	EndGlobalSection
	GlobalSection(ExtensibilityGlobals) = postSolution
		SolutionGuid = {BB84FD6F-9E0C-488D-B2B2-D00967FB1A7A}
	EndGlobalSection
EndGlobal
