
Microsoft Visual Studio Solution File, Format Version 12.00
# Visual Studio Version 17
VisualStudioVersion = 17.10.35027.167
MinimumVisualStudioVersion = 10.0.40219.1
Project("{FAE04EC0-301F-11D3-BF4B-00C04F79EFBC}") = "Mediator2", "Mediator2\Mediator2.csproj", "{4931FB6F-D59E-4A6F-BBD5-5EC3DCA45FDA}"
EndProject
Global
	GlobalSection(SolutionConfigurationPlatforms) = preSolution
		Debug|Any CPU = Debug|Any CPU
		Release|Any CPU = Release|Any CPU
	EndGlobalSection
	GlobalSection(ProjectConfigurationPlatforms) = postSolution
		{4931FB6F-D59E-4A6F-BBD5-5EC3DCA45FDA}.Debug|Any CPU.ActiveCfg = Debug|Any CPU
		{4931FB6F-D59E-4A6F-BBD5-5EC3DCA45FDA}.Debug|Any CPU.Build.0 = Debug|Any CPU
		{4931FB6F-D59E-4A6F-BBD5-5EC3DCA45FDA}.Release|Any CPU.ActiveCfg = Release|Any CPU
		{4931FB6F-D59E-4A6F-BBD5-5EC3DCA45FDA}.Release|Any CPU.Build.0 = Release|Any CPU
	EndGlobalSection
	GlobalSection(SolutionProperties) = preSolution
		HideSolutionNode = FALSE
	EndGlobalSection
	GlobalSection(ExtensibilityGlobals) = postSolution
		SolutionGuid = {23049790-2844-4A5C-AA1F-B79D0ECD4209}
	EndGlobalSection
EndGlobal
