
Microsoft Visual Studio Solution File, Format Version 12.00
# Visual Studio Version 17
VisualStudioVersion = 17.10.35027.167
MinimumVisualStudioVersion = 10.0.40219.1
Project("{FAE04EC0-301F-11D3-BF4B-00C04F79EFBC}") = "Archivos-carpetas", "Archivos-carpetas\Archivos-carpetas.csproj", "{6F33024C-6583-4425-9E50-C40261172BDC}"
EndProject
Project("{FAE04EC0-301F-11D3-BF4B-00C04F79EFBC}") = "BE", "BE\BE.csproj", "{F3C0C3A7-2C12-4537-89CB-DAA359A067E5}"
EndProject
Project("{FAE04EC0-301F-11D3-BF4B-00C04F79EFBC}") = "BLL", "BLL\BLL.csproj", "{F8A20A19-873A-49DA-B38E-3007C46A937A}"
EndProject
Project("{FAE04EC0-301F-11D3-BF4B-00C04F79EFBC}") = "MPP", "MPP\MPP.csproj", "{E58891F7-D264-4D5B-A427-269CB35ACE93}"
EndProject
Project("{FAE04EC0-301F-11D3-BF4B-00C04F79EFBC}") = "DAL", "DAL\DAL.csproj", "{0D6A2857-C984-4362-AFEE-DC57495521A3}"
EndProject
Global
	GlobalSection(SolutionConfigurationPlatforms) = preSolution
		Debug|Any CPU = Debug|Any CPU
		Release|Any CPU = Release|Any CPU
	EndGlobalSection
	GlobalSection(ProjectConfigurationPlatforms) = postSolution
		{6F33024C-6583-4425-9E50-C40261172BDC}.Debug|Any CPU.ActiveCfg = Debug|Any CPU
		{6F33024C-6583-4425-9E50-C40261172BDC}.Debug|Any CPU.Build.0 = Debug|Any CPU
		{6F33024C-6583-4425-9E50-C40261172BDC}.Release|Any CPU.ActiveCfg = Release|Any CPU
		{6F33024C-6583-4425-9E50-C40261172BDC}.Release|Any CPU.Build.0 = Release|Any CPU
		{F3C0C3A7-2C12-4537-89CB-DAA359A067E5}.Debug|Any CPU.ActiveCfg = Debug|Any CPU
		{F3C0C3A7-2C12-4537-89CB-DAA359A067E5}.Debug|Any CPU.Build.0 = Debug|Any CPU
		{F3C0C3A7-2C12-4537-89CB-DAA359A067E5}.Release|Any CPU.ActiveCfg = Release|Any CPU
		{F3C0C3A7-2C12-4537-89CB-DAA359A067E5}.Release|Any CPU.Build.0 = Release|Any CPU
		{F8A20A19-873A-49DA-B38E-3007C46A937A}.Debug|Any CPU.ActiveCfg = Debug|Any CPU
		{F8A20A19-873A-49DA-B38E-3007C46A937A}.Debug|Any CPU.Build.0 = Debug|Any CPU
		{F8A20A19-873A-49DA-B38E-3007C46A937A}.Release|Any CPU.ActiveCfg = Release|Any CPU
		{F8A20A19-873A-49DA-B38E-3007C46A937A}.Release|Any CPU.Build.0 = Release|Any CPU
		{E58891F7-D264-4D5B-A427-269CB35ACE93}.Debug|Any CPU.ActiveCfg = Debug|Any CPU
		{E58891F7-D264-4D5B-A427-269CB35ACE93}.Debug|Any CPU.Build.0 = Debug|Any CPU
		{E58891F7-D264-4D5B-A427-269CB35ACE93}.Release|Any CPU.ActiveCfg = Release|Any CPU
		{E58891F7-D264-4D5B-A427-269CB35ACE93}.Release|Any CPU.Build.0 = Release|Any CPU
		{0D6A2857-C984-4362-AFEE-DC57495521A3}.Debug|Any CPU.ActiveCfg = Debug|Any CPU
		{0D6A2857-C984-4362-AFEE-DC57495521A3}.Debug|Any CPU.Build.0 = Debug|Any CPU
		{0D6A2857-C984-4362-AFEE-DC57495521A3}.Release|Any CPU.ActiveCfg = Release|Any CPU
		{0D6A2857-C984-4362-AFEE-DC57495521A3}.Release|Any CPU.Build.0 = Release|Any CPU
	EndGlobalSection
	GlobalSection(SolutionProperties) = preSolution
		HideSolutionNode = FALSE
	EndGlobalSection
	GlobalSection(ExtensibilityGlobals) = postSolution
		SolutionGuid = {30A1CB8B-B6B9-42F0-A5B4-263B07BCFA61}
	EndGlobalSection
EndGlobal
