
Microsoft Visual Studio Solution File, Format Version 12.00
# Visual Studio Version 17
VisualStudioVersion = 17.10.35027.167
MinimumVisualStudioVersion = 10.0.40219.1
Project("{FAE04EC0-301F-11D3-BF4B-00C04F79EFBC}") = "Memento-Editor de Texto", "Memento-Editor de Texto\Memento-Editor de Texto.csproj", "{1BFED37D-A727-419D-9D58-45E99FA3889F}"
EndProject
Global
	GlobalSection(SolutionConfigurationPlatforms) = preSolution
		Debug|Any CPU = Debug|Any CPU
		Release|Any CPU = Release|Any CPU
	EndGlobalSection
	GlobalSection(ProjectConfigurationPlatforms) = postSolution
		{1BFED37D-A727-419D-9D58-45E99FA3889F}.Debug|Any CPU.ActiveCfg = Debug|Any CPU
		{1BFED37D-A727-419D-9D58-45E99FA3889F}.Debug|Any CPU.Build.0 = Debug|Any CPU
		{1BFED37D-A727-419D-9D58-45E99FA3889F}.Release|Any CPU.ActiveCfg = Release|Any CPU
		{1BFED37D-A727-419D-9D58-45E99FA3889F}.Release|Any CPU.Build.0 = Release|Any CPU
	EndGlobalSection
	GlobalSection(SolutionProperties) = preSolution
		HideSolutionNode = FALSE
	EndGlobalSection
	GlobalSection(ExtensibilityGlobals) = postSolution
		SolutionGuid = {45572C00-0608-4A05-8A56-E8D4341B5308}
	EndGlobalSection
EndGlobal
